{
  "name": "developer-portfolio",
  "lockfileVersion": 3,
  "requires": true,
  "packages": {
    "": {
      "dependencies": {
        "@loomhq/loom-embed": "^1.7.0"
      }
    },
    "node_modules/@loomhq/loom-embed": {
      "version": "1.7.0",
      "resolved": "https://registry.npmjs.org/@loomhq/loom-embed/-/loom-embed-1.7.0.tgz",
      "integrity": "sha512-HJE+N/iUWLHpLhdo3afp9I9jbMo00JecaHRdXlhN2JXVbaaRR0Kcf+bN+KvdeQqfSIDI0a2I4UOs3zX2bgUI5g=="
    }
  }
}
